
Microsoft Visual Studio Solution File, Format Version 12.00
# Visual Studio Version 17
VisualStudioVersion = 17.13.35825.156 d17.13
MinimumVisualStudioVersion = 10.0.40219.1
Project("{FAE04EC0-301F-11D3-BF4B-00C04F79EFBC}") = "Week07Homework", "Week07Homework\Week07Homework.csproj", "{344F921B-E957-43AC-9512-CA7358236BD8}"
EndProject
Global
	GlobalSection(SolutionConfigurationPlatforms) = preSolution
		Debug|Any CPU = Debug|Any CPU
		Release|Any CPU = Release|Any CPU
	EndGlobalSection
	GlobalSection(ProjectConfigurationPlatforms) = postSolution
		{344F921B-E957-43AC-9512-CA7358236BD8}.Debug|Any CPU.ActiveCfg = Debug|Any CPU
		{344F921B-E957-43AC-9512-CA7358236BD8}.Debug|Any CPU.Build.0 = Debug|Any CPU
		{344F921B-E957-43AC-9512-CA7358236BD8}.Release|Any CPU.ActiveCfg = Release|Any CPU
		{344F921B-E957-43AC-9512-CA7358236BD8}.Release|Any CPU.Build.0 = Release|Any CPU
	EndGlobalSection
	GlobalSection(SolutionProperties) = preSolution
		HideSolutionNode = FALSE
	EndGlobalSection
	GlobalSection(ExtensibilityGlobals) = postSolution
		SolutionGuid = {69B0509B-C77C-448C-8CC5-F537BAB4FB03}
	EndGlobalSection
EndGlobal
